
Microsoft Visual Studio Solution File, Format Version 12.00
# Visual Studio 2015
Project("{FAE04EC0-301F-11D3-BF4B-00C04F79EFBC}") = "MovePath", "MovePath.csproj", "{776A965D-F606-324E-D019-9398B339A09C}"
EndProject
Project("{FAE04EC0-301F-11D3-BF4B-00C04F79EFBC}") = "MovePath.Editor", "MovePath.Editor.csproj", "{9A9FE650-B3FE-A2D0-939E-77F25C579D29}"
EndProject
Global
	GlobalSection(SolutionConfigurationPlatforms) = preSolution
		Debug|Any CPU = Debug|Any CPU
		Release|Any CPU = Release|Any CPU
	EndGlobalSection
	GlobalSection(ProjectConfigurationPlatforms) = postSolution
		{776A965D-F606-324E-D019-9398B339A09C}.Debug|Any CPU.ActiveCfg = Debug|Any CPU
		{776A965D-F606-324E-D019-9398B339A09C}.Debug|Any CPU.Build.0 = Debug|Any CPU
		{776A965D-F606-324E-D019-9398B339A09C}.Release|Any CPU.ActiveCfg = Release|Any CPU
		{776A965D-F606-324E-D019-9398B339A09C}.Release|Any CPU.Build.0 = Release|Any CPU
		{9A9FE650-B3FE-A2D0-939E-77F25C579D29}.Debug|Any CPU.ActiveCfg = Debug|Any CPU
		{9A9FE650-B3FE-A2D0-939E-77F25C579D29}.Debug|Any CPU.Build.0 = Debug|Any CPU
		{9A9FE650-B3FE-A2D0-939E-77F25C579D29}.Release|Any CPU.ActiveCfg = Release|Any CPU
		{9A9FE650-B3FE-A2D0-939E-77F25C579D29}.Release|Any CPU.Build.0 = Release|Any CPU
	EndGlobalSection
	GlobalSection(SolutionProperties) = preSolution
		HideSolutionNode = FALSE
	EndGlobalSection
EndGlobal
